
Microsoft Visual Studio Solution File, Format Version 12.00
# Visual Studio Version 17
VisualStudioVersion = 17.11.35312.102
MinimumVisualStudioVersion = 10.0.40219.1
Project("{FAE04EC0-301F-11D3-BF4B-00C04F79EFBC}") = "AonWeekOneTask", "AonWeekOneTask\AonWeekOneTask.csproj", "{74DD09B4-AEFF-4501-8A49-90812AB8E291}"
EndProject
Global
	GlobalSection(SolutionConfigurationPlatforms) = preSolution
		Debug|Any CPU = Debug|Any CPU
		Release|Any CPU = Release|Any CPU
	EndGlobalSection
	GlobalSection(ProjectConfigurationPlatforms) = postSolution
		{74DD09B4-AEFF-4501-8A49-90812AB8E291}.Debug|Any CPU.ActiveCfg = Debug|Any CPU
		{74DD09B4-AEFF-4501-8A49-90812AB8E291}.Debug|Any CPU.Build.0 = Debug|Any CPU
		{74DD09B4-AEFF-4501-8A49-90812AB8E291}.Release|Any CPU.ActiveCfg = Release|Any CPU
		{74DD09B4-AEFF-4501-8A49-90812AB8E291}.Release|Any CPU.Build.0 = Release|Any CPU
	EndGlobalSection
	GlobalSection(SolutionProperties) = preSolution
		HideSolutionNode = FALSE
	EndGlobalSection
	GlobalSection(ExtensibilityGlobals) = postSolution
		SolutionGuid = {432E2BFF-406E-471F-81F9-2BD5E84B631E}
	EndGlobalSection
EndGlobal
